
Microsoft Visual Studio Solution File, Format Version 12.00
# Visual Studio Version 16
VisualStudioVersion = 16.0.29920.165
MinimumVisualStudioVersion = 10.0.40219.1
Project("{9A19103F-16F7-4668-BE54-9A1E7A4F7556}") = "VehicleQuote", "VehicleQuote.csproj", "{DC26DDD2-A5D3-4C86-B73B-4E39B517C2AA}"
EndProject
Global
	GlobalSection(SolutionConfigurationPlatforms) = preSolution
		Debug|Any CPU = Debug|Any CPU
		Release|Any CPU = Release|Any CPU
	EndGlobalSection
	GlobalSection(ProjectConfigurationPlatforms) = postSolution
		{DC26DDD2-A5D3-4C86-B73B-4E39B517C2AA}.Debug|Any CPU.ActiveCfg = Debug|Any CPU
		{DC26DDD2-A5D3-4C86-B73B-4E39B517C2AA}.Debug|Any CPU.Build.0 = Debug|Any CPU
		{DC26DDD2-A5D3-4C86-B73B-4E39B517C2AA}.Release|Any CPU.ActiveCfg = Release|Any CPU
		{DC26DDD2-A5D3-4C86-B73B-4E39B517C2AA}.Release|Any CPU.Build.0 = Release|Any CPU
	EndGlobalSection
	GlobalSection(SolutionProperties) = preSolution
		HideSolutionNode = FALSE
	EndGlobalSection
	GlobalSection(ExtensibilityGlobals) = postSolution
		SolutionGuid = {DF544DB2-FDDC-4512-9CC6-EE281FD1B2B2}
	EndGlobalSection
EndGlobal
